
Microsoft Visual Studio Solution File, Format Version 12.00
# Visual Studio Version 17
VisualStudioVersion = 17.0.31903.59
MinimumVisualStudioVersion = 10.0.40219.1
Project("{9A19103F-16F7-4668-BE54-9A1E7A4F7556}") = "miniThincaLib", "miniThincaLib\miniThincaLib.csproj", "{8A5D7F71-4D95-4408-A2BE-14AA6F0B6A69}"
EndProject
Project("{9A19103F-16F7-4668-BE54-9A1E7A4F7556}") = "miniThincaServer", "miniThincaServer\miniThincaServer.csproj", "{EA3F10D3-4586-4BB3-BD58-BEB8A5431D30}"
EndProject
Project("{9A19103F-16F7-4668-BE54-9A1E7A4F7556}") = "vfdEmu", "vfdEmu\vfdEmu.csproj", "{95A8BDD8-FD98-43B8-B39C-1B5E7BB2F64D}"
EndProject
Global
	GlobalSection(SolutionConfigurationPlatforms) = preSolution
		Debug|Any CPU = Debug|Any CPU
		Release|Any CPU = Release|Any CPU
	EndGlobalSection
	GlobalSection(ProjectConfigurationPlatforms) = postSolution
		{8A5D7F71-4D95-4408-A2BE-14AA6F0B6A69}.Debug|Any CPU.ActiveCfg = Debug|Any CPU
		{8A5D7F71-4D95-4408-A2BE-14AA6F0B6A69}.Debug|Any CPU.Build.0 = Debug|Any CPU
		{8A5D7F71-4D95-4408-A2BE-14AA6F0B6A69}.Release|Any CPU.ActiveCfg = Release|Any CPU
		{8A5D7F71-4D95-4408-A2BE-14AA6F0B6A69}.Release|Any CPU.Build.0 = Release|Any CPU
		{EA3F10D3-4586-4BB3-BD58-BEB8A5431D30}.Debug|Any CPU.ActiveCfg = Debug|Any CPU
		{EA3F10D3-4586-4BB3-BD58-BEB8A5431D30}.Debug|Any CPU.Build.0 = Debug|Any CPU
		{EA3F10D3-4586-4BB3-BD58-BEB8A5431D30}.Release|Any CPU.ActiveCfg = Release|Any CPU
		{EA3F10D3-4586-4BB3-BD58-BEB8A5431D30}.Release|Any CPU.Build.0 = Release|Any CPU
		{95A8BDD8-FD98-43B8-B39C-1B5E7BB2F64D}.Debug|Any CPU.ActiveCfg = Debug|Any CPU
		{95A8BDD8-FD98-43B8-B39C-1B5E7BB2F64D}.Debug|Any CPU.Build.0 = Debug|Any CPU
		{95A8BDD8-FD98-43B8-B39C-1B5E7BB2F64D}.Release|Any CPU.ActiveCfg = Release|Any CPU
		{95A8BDD8-FD98-43B8-B39C-1B5E7BB2F64D}.Release|Any CPU.Build.0 = Release|Any CPU
	EndGlobalSection
	GlobalSection(SolutionProperties) = preSolution
		HideSolutionNode = FALSE
	EndGlobalSection
EndGlobal
